
Microsoft Visual Studio Solution File, Format Version 12.00
# Visual Studio Version 16
VisualStudioVersion = 16.0.30128.74
MinimumVisualStudioVersion = 10.0.40219.1
Project("{9A19103F-16F7-4668-BE54-9A1E7A4F7556}") = "DotNetCore.Common", "NetCore.Common\DotNetCore.Common.csproj", "{421ADAD2-9564-4E92-AF17-D97E71508B24}"
EndProject
Project("{9A19103F-16F7-4668-BE54-9A1E7A4F7556}") = "DotNetStandard.Common", "DotNetStandard.Common\DotNetStandard.Common.csproj", "{D6CCBDA5-AFBB-48EC-BBC2-7F943DEFB1A4}"
EndProject
Project("{FAE04EC0-301F-11D3-BF4B-00C04F79EFBC}") = "DotNetFramework.Common", "DotNetFramework.Common\DotNetFramework.Common.csproj", "{84F3DD77-2C34-47FD-B3E8-302904F1A3D8}"
EndProject
Project("{9A19103F-16F7-4668-BE54-9A1E7A4F7556}") = "DotNetCore.CommonTest", "DotNetCore.CommonTest\DotNetCore.CommonTest.csproj", "{430BEDC3-C52A-4417-819D-11C5A2E82590}"
EndProject
Project("{FAE04EC0-301F-11D3-BF4B-00C04F79EFBC}") = "DotNetFramework.SuperServer", "DotNetFramework.SuperServer\DotNetFramework.SuperServer.csproj", "{B3849643-F562-487D-B988-8CA892B24BF9}"
EndProject
Global
	GlobalSection(SolutionConfigurationPlatforms) = preSolution
		Debug|Any CPU = Debug|Any CPU
		Release|Any CPU = Release|Any CPU
	EndGlobalSection
	GlobalSection(ProjectConfigurationPlatforms) = postSolution
		{421ADAD2-9564-4E92-AF17-D97E71508B24}.Debug|Any CPU.ActiveCfg = Debug|Any CPU
		{421ADAD2-9564-4E92-AF17-D97E71508B24}.Debug|Any CPU.Build.0 = Debug|Any CPU
		{421ADAD2-9564-4E92-AF17-D97E71508B24}.Release|Any CPU.ActiveCfg = Release|Any CPU
		{421ADAD2-9564-4E92-AF17-D97E71508B24}.Release|Any CPU.Build.0 = Release|Any CPU
		{D6CCBDA5-AFBB-48EC-BBC2-7F943DEFB1A4}.Debug|Any CPU.ActiveCfg = Debug|Any CPU
		{D6CCBDA5-AFBB-48EC-BBC2-7F943DEFB1A4}.Debug|Any CPU.Build.0 = Debug|Any CPU
		{D6CCBDA5-AFBB-48EC-BBC2-7F943DEFB1A4}.Release|Any CPU.ActiveCfg = Release|Any CPU
		{D6CCBDA5-AFBB-48EC-BBC2-7F943DEFB1A4}.Release|Any CPU.Build.0 = Release|Any CPU
		{84F3DD77-2C34-47FD-B3E8-302904F1A3D8}.Debug|Any CPU.ActiveCfg = Debug|Any CPU
		{84F3DD77-2C34-47FD-B3E8-302904F1A3D8}.Debug|Any CPU.Build.0 = Debug|Any CPU
		{84F3DD77-2C34-47FD-B3E8-302904F1A3D8}.Release|Any CPU.ActiveCfg = Release|Any CPU
		{84F3DD77-2C34-47FD-B3E8-302904F1A3D8}.Release|Any CPU.Build.0 = Release|Any CPU
		{430BEDC3-C52A-4417-819D-11C5A2E82590}.Debug|Any CPU.ActiveCfg = Debug|Any CPU
		{430BEDC3-C52A-4417-819D-11C5A2E82590}.Debug|Any CPU.Build.0 = Debug|Any CPU
		{430BEDC3-C52A-4417-819D-11C5A2E82590}.Release|Any CPU.ActiveCfg = Release|Any CPU
		{430BEDC3-C52A-4417-819D-11C5A2E82590}.Release|Any CPU.Build.0 = Release|Any CPU
		{B3849643-F562-487D-B988-8CA892B24BF9}.Debug|Any CPU.ActiveCfg = Debug|Any CPU
		{B3849643-F562-487D-B988-8CA892B24BF9}.Debug|Any CPU.Build.0 = Debug|Any CPU
		{B3849643-F562-487D-B988-8CA892B24BF9}.Release|Any CPU.ActiveCfg = Release|Any CPU
		{B3849643-F562-487D-B988-8CA892B24BF9}.Release|Any CPU.Build.0 = Release|Any CPU
	EndGlobalSection
	GlobalSection(SolutionProperties) = preSolution
		HideSolutionNode = FALSE
	EndGlobalSection
	GlobalSection(ExtensibilityGlobals) = postSolution
		SolutionGuid = {AE54AF58-D028-4C23-A51D-0A389B0828B3}
	EndGlobalSection
EndGlobal
